// !$*UTF8*$!
{
	archiveVersion = 1;
	classes = {
	};
	objectVersion = 46;
	objects = {

/* Begin PBXBuildFile section */
		A0FD079BEA5CED9FC50CFC66 /* Pods_MobileComputing.framework in Frameworks */ = {isa = PBXBuildFile; fileRef = 0A8BFB5857E639C03C5AEFD9 /* Pods_MobileComputing.framework */; };
		AB4C6D5B59EB60857ABF309D /* Pods_MobileComputingUITests.framework in Frameworks */ = {isa = PBXBuildFile; fileRef = DD02FF4D6688D64FD111BDD1 /* Pods_MobileComputingUITests.framework */; };
		EBD2697E1EA2C6F900F75FEC /* TabBarController.swift in Sources */ = {isa = PBXBuildFile; fileRef = EBD2697D1EA2C6F900F75FEC /* TabBarController.swift */; };
		EBD269801EA2D3B600F75FEC /* NewMessageController.swift in Sources */ = {isa = PBXBuildFile; fileRef = EBD2697F1EA2D3B600F75FEC /* NewMessageController.swift */; };
		EBD269831EA433AF00F75FEC /* User.swift in Sources */ = {isa = PBXBuildFile; fileRef = EBD269821EA433AF00F75FEC /* User.swift */; };
		EBE971991E95BED800C22A10 /* AppDelegate.swift in Sources */ = {isa = PBXBuildFile; fileRef = EBE971981E95BED800C22A10 /* AppDelegate.swift */; };
		EBE9719B1E95BED800C22A10 /* HomeController.swift in Sources */ = {isa = PBXBuildFile; fileRef = EBE9719A1E95BED800C22A10 /* HomeController.swift */; };
		EBE9719D1E95BED800C22A10 /* SecondViewController.swift in Sources */ = {isa = PBXBuildFile; fileRef = EBE9719C1E95BED800C22A10 /* SecondViewController.swift */; };
		EBE971A21E95BED800C22A10 /* Assets.xcassets in Resources */ = {isa = PBXBuildFile; fileRef = EBE971A11E95BED800C22A10 /* Assets.xcassets */; };
		EBE971A51E95BED800C22A10 /* LaunchScreen.storyboard in Resources */ = {isa = PBXBuildFile; fileRef = EBE971A31E95BED800C22A10 /* LaunchScreen.storyboard */; };
		EBE971B01E95BED800C22A10 /* MobileComputingTests.swift in Sources */ = {isa = PBXBuildFile; fileRef = EBE971AF1E95BED800C22A10 /* MobileComputingTests.swift */; };
		EBE971BB1E95BED800C22A10 /* MobileComputingUITests.swift in Sources */ = {isa = PBXBuildFile; fileRef = EBE971BA1E95BED800C22A10 /* MobileComputingUITests.swift */; };
		EBE971C91E95BF6100C22A10 /* MessagesController.swift in Sources */ = {isa = PBXBuildFile; fileRef = EBE971C81E95BF6100C22A10 /* MessagesController.swift */; };
		EBE971CC1E95C6F100C22A10 /* LoginController.swift in Sources */ = {isa = PBXBuildFile; fileRef = EBE971CB1E95C6F100C22A10 /* LoginController.swift */; };
		EBE971D01E961B0500C22A10 /* GoogleService-Info.plist in Resources */ = {isa = PBXBuildFile; fileRef = EBE971CF1E961B0500C22A10 /* GoogleService-Info.plist */; };
		EBFCC7DC1EAD03DD009DDA2B /* LoginController+handlers.swift in Sources */ = {isa = PBXBuildFile; fileRef = EBFCC7DB1EAD03DD009DDA2B /* LoginController+handlers.swift */; };
		EBFCC7DF1EAD30C9009DDA2B /* Extensions.swift in Sources */ = {isa = PBXBuildFile; fileRef = EBFCC7DE1EAD30C9009DDA2B /* Extensions.swift */; };
		EBFCC7E11EAD59C1009DDA2B /* ChatLogController.swift in Sources */ = {isa = PBXBuildFile; fileRef = EBFCC7E01EAD59C1009DDA2B /* ChatLogController.swift */; };
		EBFCC7E31EAD743A009DDA2B /* Message.swift in Sources */ = {isa = PBXBuildFile; fileRef = EBFCC7E21EAD743A009DDA2B /* Message.swift */; };
		EBFCC7E61EADA404009DDA2B /* UserCell.swift in Sources */ = {isa = PBXBuildFile; fileRef = EBFCC7E51EADA404009DDA2B /* UserCell.swift */; };
		ECA7D6A0AFE232608254F049 /* Pods_MobileComputingTests.framework in Frameworks */ = {isa = PBXBuildFile; fileRef = B54D468979BB355661A65002 /* Pods_MobileComputingTests.framework */; };
/* End PBXBuildFile section */

/* Begin PBXContainerItemProxy section */
		EBE971AC1E95BED800C22A10 /* PBXContainerItemProxy */ = {
			isa = PBXContainerItemProxy;
			containerPortal = EBE9718D1E95BED800C22A10 /* Project object */;
			proxyType = 1;
			remoteGlobalIDString = EBE971941E95BED800C22A10;
			remoteInfo = MobileComputing;
		};
		EBE971B71E95BED800C22A10 /* PBXContainerItemProxy */ = {
			isa = PBXContainerItemProxy;
			containerPortal = EBE9718D1E95BED800C22A10 /* Project object */;
			proxyType = 1;
			remoteGlobalIDString = EBE971941E95BED800C22A10;
			remoteInfo = MobileComputing;
		};
/* End PBXContainerItemProxy section */

/* Begin PBXFileReference section */
		0A8BFB5857E639C03C5AEFD9 /* Pods_MobileComputing.framework */ = {isa = PBXFileReference; explicitFileType = wrapper.framework; includeInIndex = 0; path = Pods_MobileComputing.framework; sourceTree = BUILT_PRODUCTS_DIR; };
		435BCE668E3839EB1473B598 /* Pods-MobileComputingUITests.release.xcconfig */ = {isa = PBXFileReference; includeInIndex = 1; lastKnownFileType = text.xcconfig; name = "Pods-MobileComputingUITests.release.xcconfig"; path = "Pods/Target Support Files/Pods-MobileComputingUITests/Pods-MobileComputingUITests.release.xcconfig"; sourceTree = "<group>"; };
		B54D468979BB355661A65002 /* Pods_MobileComputingTests.framework */ = {isa = PBXFileReference; explicitFileType = wrapper.framework; includeInIndex = 0; path = Pods_MobileComputingTests.framework; sourceTree = BUILT_PRODUCTS_DIR; };
		BC768B7CA4F39A36737B4168 /* Pods-MobileComputingTests.debug.xcconfig */ = {isa = PBXFileReference; includeInIndex = 1; lastKnownFileType = text.xcconfig; name = "Pods-MobileComputingTests.debug.xcconfig"; path = "Pods/Target Support Files/Pods-MobileComputingTests/Pods-MobileComputingTests.debug.xcconfig"; sourceTree = "<group>"; };
		D4AFB6ADF6C2F2C8B74925CD /* Pods-MobileComputingUITests.debug.xcconfig */ = {isa = PBXFileReference; includeInIndex = 1; lastKnownFileType = text.xcconfig; name = "Pods-MobileComputingUITests.debug.xcconfig"; path = "Pods/Target Support Files/Pods-MobileComputingUITests/Pods-MobileComputingUITests.debug.xcconfig"; sourceTree = "<group>"; };
		DD02FF4D6688D64FD111BDD1 /* Pods_MobileComputingUITests.framework */ = {isa = PBXFileReference; explicitFileType = wrapper.framework; includeInIndex = 0; path = Pods_MobileComputingUITests.framework; sourceTree = BUILT_PRODUCTS_DIR; };
		E232983D64C458364C66F86C /* Pods-MobileComputing.release.xcconfig */ = {isa = PBXFileReference; includeInIndex = 1; lastKnownFileType = text.xcconfig; name = "Pods-MobileComputing.release.xcconfig"; path = "Pods/Target Support Files/Pods-MobileComputing/Pods-MobileComputing.release.xcconfig"; sourceTree = "<group>"; };
		E602D836152750228D192F59 /* Pods-MobileComputing.debug.xcconfig */ = {isa = PBXFileReference; includeInIndex = 1; lastKnownFileType = text.xcconfig; name = "Pods-MobileComputing.debug.xcconfig"; path = "Pods/Target Support Files/Pods-MobileComputing/Pods-MobileComputing.debug.xcconfig"; sourceTree = "<group>"; };
		E84D483DB08D1456E275B0DF /* Pods-MobileComputingTests.release.xcconfig */ = {isa = PBXFileReference; includeInIndex = 1; lastKnownFileType = text.xcconfig; name = "Pods-MobileComputingTests.release.xcconfig"; path = "Pods/Target Support Files/Pods-MobileComputingTests/Pods-MobileComputingTests.release.xcconfig"; sourceTree = "<group>"; };
		EBD2697D1EA2C6F900F75FEC /* TabBarController.swift */ = {isa = PBXFileReference; fileEncoding = 4; lastKnownFileType = sourcecode.swift; path = TabBarController.swift; sourceTree = "<group>"; };
		EBD2697F1EA2D3B600F75FEC /* NewMessageController.swift */ = {isa = PBXFileReference; fileEncoding = 4; lastKnownFileType = sourcecode.swift; path = NewMessageController.swift; sourceTree = "<group>"; };
		EBD269821EA433AF00F75FEC /* User.swift */ = {isa = PBXFileReference; fileEncoding = 4; lastKnownFileType = sourcecode.swift; path = User.swift; sourceTree = "<group>"; };
		EBE971951E95BED800C22A10 /* MobileComputing.app */ = {isa = PBXFileReference; explicitFileType = wrapper.application; includeInIndex = 0; path = MobileComputing.app; sourceTree = BUILT_PRODUCTS_DIR; };
		EBE971981E95BED800C22A10 /* AppDelegate.swift */ = {isa = PBXFileReference; lastKnownFileType = sourcecode.swift; path = AppDelegate.swift; sourceTree = "<group>"; };
		EBE9719A1E95BED800C22A10 /* HomeController.swift */ = {isa = PBXFileReference; lastKnownFileType = sourcecode.swift; path = HomeController.swift; sourceTree = "<group>"; };
		EBE9719C1E95BED800C22A10 /* SecondViewController.swift */ = {isa = PBXFileReference; lastKnownFileType = sourcecode.swift; path = SecondViewController.swift; sourceTree = "<group>"; };
		EBE971A11E95BED800C22A10 /* Assets.xcassets */ = {isa = PBXFileReference; lastKnownFileType = folder.assetcatalog; path = Assets.xcassets; sourceTree = "<group>"; };
		EBE971A41E95BED800C22A10 /* Base */ = {isa = PBXFileReference; lastKnownFileType = file.storyboard; name = Base; path = Base.lproj/LaunchScreen.storyboard; sourceTree = "<group>"; };
		EBE971A61E95BED800C22A10 /* Info.plist */ = {isa = PBXFileReference; lastKnownFileType = text.plist.xml; path = Info.plist; sourceTree = "<group>"; };
		EBE971AB1E95BED800C22A10 /* MobileComputingTests.xctest */ = {isa = PBXFileReference; explicitFileType = wrapper.cfbundle; includeInIndex = 0; path = MobileComputingTests.xctest; sourceTree = BUILT_PRODUCTS_DIR; };
		EBE971AF1E95BED800C22A10 /* MobileComputingTests.swift */ = {isa = PBXFileReference; lastKnownFileType = sourcecode.swift; path = MobileComputingTests.swift; sourceTree = "<group>"; };
		EBE971B11E95BED800C22A10 /* Info.plist */ = {isa = PBXFileReference; lastKnownFileType = text.plist.xml; path = Info.plist; sourceTree = "<group>"; };
		EBE971B61E95BED800C22A10 /* MobileComputingUITests.xctest */ = {isa = PBXFileReference; explicitFileType = wrapper.cfbundle; includeInIndex = 0; path = MobileComputingUITests.xctest; sourceTree = BUILT_PRODUCTS_DIR; };
		EBE971BA1E95BED800C22A10 /* MobileComputingUITests.swift */ = {isa = PBXFileReference; lastKnownFileType = sourcecode.swift; path = MobileComputingUITests.swift; sourceTree = "<group>"; };
		EBE971BC1E95BED800C22A10 /* Info.plist */ = {isa = PBXFileReference; lastKnownFileType = text.plist.xml; path = Info.plist; sourceTree = "<group>"; };
		EBE971C81E95BF6100C22A10 /* MessagesController.swift */ = {isa = PBXFileReference; fileEncoding = 4; lastKnownFileType = sourcecode.swift; path = MessagesController.swift; sourceTree = "<group>"; };
		EBE971CB1E95C6F100C22A10 /* LoginController.swift */ = {isa = PBXFileReference; fileEncoding = 4; lastKnownFileType = sourcecode.swift; path = LoginController.swift; sourceTree = "<group>"; };
		EBE971CF1E961B0500C22A10 /* GoogleService-Info.plist */ = {isa = PBXFileReference; fileEncoding = 4; lastKnownFileType = text.plist.xml; path = "GoogleService-Info.plist"; sourceTree = "<group>"; };
		EBFCC7DB1EAD03DD009DDA2B /* LoginController+handlers.swift */ = {isa = PBXFileReference; fileEncoding = 4; lastKnownFileType = sourcecode.swift; path = "LoginController+handlers.swift"; sourceTree = "<group>"; };
		EBFCC7DE1EAD30C9009DDA2B /* Extensions.swift */ = {isa = PBXFileReference; fileEncoding = 4; lastKnownFileType = sourcecode.swift; path = Extensions.swift; sourceTree = "<group>"; };
		EBFCC7E01EAD59C1009DDA2B /* ChatLogController.swift */ = {isa = PBXFileReference; fileEncoding = 4; lastKnownFileType = sourcecode.swift; path = ChatLogController.swift; sourceTree = "<group>"; };
		EBFCC7E21EAD743A009DDA2B /* Message.swift */ = {isa = PBXFileReference; fileEncoding = 4; lastKnownFileType = sourcecode.swift; path = Message.swift; sourceTree = "<group>"; };
		EBFCC7E51EADA404009DDA2B /* UserCell.swift */ = {isa = PBXFileReference; fileEncoding = 4; lastKnownFileType = sourcecode.swift; path = UserCell.swift; sourceTree = "<group>"; };
/* End PBXFileReference section */

/* Begin PBXFrameworksBuildPhase section */
		EBE971921E95BED800C22A10 /* Frameworks */ = {
			isa = PBXFrameworksBuildPhase;
			buildActionMask = 2147483647;
			files = (
				A0FD079BEA5CED9FC50CFC66 /* Pods_MobileComputing.framework in Frameworks */,
			);
			runOnlyForDeploymentPostprocessing = 0;
		};
		EBE971A81E95BED800C22A10 /* Frameworks */ = {
			isa = PBXFrameworksBuildPhase;
			buildActionMask = 2147483647;
			files = (
				ECA7D6A0AFE232608254F049 /* Pods_MobileComputingTests.framework in Frameworks */,
			);
			runOnlyForDeploymentPostprocessing = 0;
		};
		EBE971B31E95BED800C22A10 /* Frameworks */ = {
			isa = PBXFrameworksBuildPhase;
			buildActionMask = 2147483647;
			files = (
				AB4C6D5B59EB60857ABF309D /* Pods_MobileComputingUITests.framework in Frameworks */,
			);
			runOnlyForDeploymentPostprocessing = 0;
		};
/* End PBXFrameworksBuildPhase section */

/* Begin PBXGroup section */
		7939519363448EC7F52D8C10 /* Pods */ = {
			isa = PBXGroup;
			children = (
				E602D836152750228D192F59 /* Pods-MobileComputing.debug.xcconfig */,
				E232983D64C458364C66F86C /* Pods-MobileComputing.release.xcconfig */,
				BC768B7CA4F39A36737B4168 /* Pods-MobileComputingTests.debug.xcconfig */,
				E84D483DB08D1456E275B0DF /* Pods-MobileComputingTests.release.xcconfig */,
				D4AFB6ADF6C2F2C8B74925CD /* Pods-MobileComputingUITests.debug.xcconfig */,
				435BCE668E3839EB1473B598 /* Pods-MobileComputingUITests.release.xcconfig */,
			);
			name = Pods;
			sourceTree = "<group>";
		};
		9F93FE6756ABFEA0309E805C /* Frameworks */ = {
			isa = PBXGroup;
			children = (
				0A8BFB5857E639C03C5AEFD9 /* Pods_MobileComputing.framework */,
				B54D468979BB355661A65002 /* Pods_MobileComputingTests.framework */,
				DD02FF4D6688D64FD111BDD1 /* Pods_MobileComputingUITests.framework */,
			);
			name = Frameworks;
			sourceTree = "<group>";
		};
		EBD269811EA4338C00F75FEC /* Model */ = {
			isa = PBXGroup;
			children = (
				EBD269821EA433AF00F75FEC /* User.swift */,
				EBFCC7E21EAD743A009DDA2B /* Message.swift */,
			);
			name = Model;
			sourceTree = "<group>";
		};
		EBE9718C1E95BED800C22A10 = {
			isa = PBXGroup;
			children = (
				EBE971971E95BED800C22A10 /* MobileComputing */,
				EBE971AE1E95BED800C22A10 /* MobileComputingTests */,
				EBE971B91E95BED800C22A10 /* MobileComputingUITests */,
				EBE971961E95BED800C22A10 /* Products */,
				7939519363448EC7F52D8C10 /* Pods */,
				9F93FE6756ABFEA0309E805C /* Frameworks */,
			);
			sourceTree = "<group>";
		};
		EBE971961E95BED800C22A10 /* Products */ = {
			isa = PBXGroup;
			children = (
				EBE971951E95BED800C22A10 /* MobileComputing.app */,
				EBE971AB1E95BED800C22A10 /* MobileComputingTests.xctest */,
				EBE971B61E95BED800C22A10 /* MobileComputingUITests.xctest */,
			);
			name = Products;
			sourceTree = "<group>";
		};
		EBE971971E95BED800C22A10 /* MobileComputing */ = {
			isa = PBXGroup;
			children = (
				EBFCC7E41EADA3EC009DDA2B /* View */,
				EBFCC7DD1EAD30A2009DDA2B /* Helpers */,
				EBD269811EA4338C00F75FEC /* Model */,
				EBE971CA1E95C6C700C22A10 /* Controller */,
				EBE971981E95BED800C22A10 /* AppDelegate.swift */,
				EBE9719A1E95BED800C22A10 /* HomeController.swift */,
				EBE9719C1E95BED800C22A10 /* SecondViewController.swift */,
				EBD2697D1EA2C6F900F75FEC /* TabBarController.swift */,
				EBE971A11E95BED800C22A10 /* Assets.xcassets */,
				EBE971A31E95BED800C22A10 /* LaunchScreen.storyboard */,
				EBE971A61E95BED800C22A10 /* Info.plist */,
				EBE971CF1E961B0500C22A10 /* GoogleService-Info.plist */,
			);
			path = MobileComputing;
			sourceTree = "<group>";
		};
		EBE971AE1E95BED800C22A10 /* MobileComputingTests */ = {
			isa = PBXGroup;
			children = (
				EBE971AF1E95BED800C22A10 /* MobileComputingTests.swift */,
				EBE971B11E95BED800C22A10 /* Info.plist */,
			);
			path = MobileComputingTests;
			sourceTree = "<group>";
		};
		EBE971B91E95BED800C22A10 /* MobileComputingUITests */ = {
			isa = PBXGroup;
			children = (
				EBE971BA1E95BED800C22A10 /* MobileComputingUITests.swift */,
				EBE971BC1E95BED800C22A10 /* Info.plist */,
			);
			path = MobileComputingUITests;
			sourceTree = "<group>";
		};
		EBE971CA1E95C6C700C22A10 /* Controller */ = {
			isa = PBXGroup;
			children = (
				EBE971CB1E95C6F100C22A10 /* LoginController.swift */,
				EBFCC7DB1EAD03DD009DDA2B /* LoginController+handlers.swift */,
				EBE971C81E95BF6100C22A10 /* MessagesController.swift */,
				EBD2697F1EA2D3B600F75FEC /* NewMessageController.swift */,
				EBFCC7E01EAD59C1009DDA2B /* ChatLogController.swift */,
			);
			name = Controller;
			sourceTree = "<group>";
		};
		EBFCC7DD1EAD30A2009DDA2B /* Helpers */ = {
			isa = PBXGroup;
			children = (
				EBFCC7DE1EAD30C9009DDA2B /* Extensions.swift */,
			);
			name = Helpers;
			sourceTree = "<group>";
		};
		EBFCC7E41EADA3EC009DDA2B /* View */ = {
			isa = PBXGroup;
			children = (
				EBFCC7E51EADA404009DDA2B /* UserCell.swift */,
			);
			name = View;
			sourceTree = "<group>";
		};
/* End PBXGroup section */

/* Begin PBXNativeTarget section */
		EBE971941E95BED800C22A10 /* MobileComputing */ = {
			isa = PBXNativeTarget;
			buildConfigurationList = EBE971BF1E95BED800C22A10 /* Build configuration list for PBXNativeTarget "MobileComputing" */;
			buildPhases = (
				94C6245BBFC8DC3FC34230FA /* [CP] Check Pods Manifest.lock */,
				EBE971911E95BED800C22A10 /* Sources */,
				EBE971921E95BED800C22A10 /* Frameworks */,
				EBE971931E95BED800C22A10 /* Resources */,
				235BD7A870153DE93E280730 /* [CP] Embed Pods Frameworks */,
				B66C6D4849A71C2FB44DBEBF /* [CP] Copy Pods Resources */,
			);
			buildRules = (
			);
			dependencies = (
			);
			name = MobileComputing;
			productName = MobileComputing;
			productReference = EBE971951E95BED800C22A10 /* MobileComputing.app */;
			productType = "com.apple.product-type.application";
		};
		EBE971AA1E95BED800C22A10 /* MobileComputingTests */ = {
			isa = PBXNativeTarget;
			buildConfigurationList = EBE971C21E95BED800C22A10 /* Build configuration list for PBXNativeTarget "MobileComputingTests" */;
			buildPhases = (
				5ACE6BED2BE2D48AF9E59AB5 /* [CP] Check Pods Manifest.lock */,
				EBE971A71E95BED800C22A10 /* Sources */,
				EBE971A81E95BED800C22A10 /* Frameworks */,
				EBE971A91E95BED800C22A10 /* Resources */,
				3CF3B89E2053B67A378686CA /* [CP] Embed Pods Frameworks */,
				B383A9B2A852287F76562882 /* [CP] Copy Pods Resources */,
			);
			buildRules = (
			);
			dependencies = (
				EBE971AD1E95BED800C22A10 /* PBXTargetDependency */,
			);
			name = MobileComputingTests;
			productName = MobileComputingTests;
			productReference = EBE971AB1E95BED800C22A10 /* MobileComputingTests.xctest */;
			productType = "com.apple.product-type.bundle.unit-test";
		};
		EBE971B51E95BED800C22A10 /* MobileComputingUITests */ = {
			isa = PBXNativeTarget;
			buildConfigurationList = EBE971C51E95BED800C22A10 /* Build configuration list for PBXNativeTarget "MobileComputingUITests" */;
			buildPhases = (
				9072E6762B36F87AEB5A7032 /* [CP] Check Pods Manifest.lock */,
				EBE971B21E95BED800C22A10 /* Sources */,
				EBE971B31E95BED800C22A10 /* Frameworks */,
				EBE971B41E95BED800C22A10 /* Resources */,
				37782AC470A75E363035B2E1 /* [CP] Embed Pods Frameworks */,
				C92AF02E21B25BF8B0BAED0B /* [CP] Copy Pods Resources */,
			);
			buildRules = (
			);
			dependencies = (
				EBE971B81E95BED800C22A10 /* PBXTargetDependency */,
			);
			name = MobileComputingUITests;
			productName = MobileComputingUITests;
			productReference = EBE971B61E95BED800C22A10 /* MobileComputingUITests.xctest */;
			productType = "com.apple.product-type.bundle.ui-testing";
		};
/* End PBXNativeTarget section */

/* Begin PBXProject section */
		EBE9718D1E95BED800C22A10 /* Project object */ = {
			isa = PBXProject;
			attributes = {
				LastSwiftUpdateCheck = 0830;
				LastUpgradeCheck = 0830;
				ORGANIZATIONNAME = "Nick Palutsis";
				TargetAttributes = {
					EBE971941E95BED800C22A10 = {
						CreatedOnToolsVersion = 8.3;
						ProvisioningStyle = Automatic;
					};
					EBE971AA1E95BED800C22A10 = {
						CreatedOnToolsVersion = 8.3;
						ProvisioningStyle = Automatic;
						TestTargetID = EBE971941E95BED800C22A10;
					};
					EBE971B51E95BED800C22A10 = {
						CreatedOnToolsVersion = 8.3;
						ProvisioningStyle = Automatic;
						TestTargetID = EBE971941E95BED800C22A10;
					};
				};
			};
			buildConfigurationList = EBE971901E95BED800C22A10 /* Build configuration list for PBXProject "MobileComputing" */;
			compatibilityVersion = "Xcode 3.2";
			developmentRegion = English;
			hasScannedForEncodings = 0;
			knownRegions = (
				en,
				Base,
			);
			mainGroup = EBE9718C1E95BED800C22A10;
			productRefGroup = EBE971961E95BED800C22A10 /* Products */;
			projectDirPath = "";
			projectRoot = "";
			targets = (
				EBE971941E95BED800C22A10 /* MobileComputing */,
				EBE971AA1E95BED800C22A10 /* MobileComputingTests */,
				EBE971B51E95BED800C22A10 /* MobileComputingUITests */,
			);
		};
/* End PBXProject section */

/* Begin PBXResourcesBuildPhase section */
		EBE971931E95BED800C22A10 /* Resources */ = {
			isa = PBXResourcesBuildPhase;
			buildActionMask = 2147483647;
			files = (
				EBE971A51E95BED800C22A10 /* LaunchScreen.storyboard in Resources */,
				EBE971A21E95BED800C22A10 /* Assets.xcassets in Resources */,
				EBE971D01E961B0500C22A10 /* GoogleService-Info.plist in Resources */,
			);
			runOnlyForDeploymentPostprocessing = 0;
		};
		EBE971A91E95BED800C22A10 /* Resources */ = {
			isa = PBXResourcesBuildPhase;
			buildActionMask = 2147483647;
			files = (
			);
			runOnlyForDeploymentPostprocessing = 0;
		};
		EBE971B41E95BED800C22A10 /* Resources */ = {
			isa = PBXResourcesBuildPhase;
			buildActionMask = 2147483647;
			files = (
			);
			runOnlyForDeploymentPostprocessing = 0;
		};
/* End PBXResourcesBuildPhase section */

/* Begin PBXShellScriptBuildPhase section */
		235BD7A870153DE93E280730 /* [CP] Embed Pods Frameworks */ = {
			isa = PBXShellScriptBuildPhase;
			buildActionMask = 2147483647;
			files = (
			);
			inputPaths = (
			);
			name = "[CP] Embed Pods Frameworks";
			outputPaths = (
			);
			runOnlyForDeploymentPostprocessing = 0;
			shellPath = /bin/sh;
			shellScript = "\"${SRCROOT}/Pods/Target Support Files/Pods-MobileComputing/Pods-MobileComputing-frameworks.sh\"\n";
			showEnvVarsInLog = 0;
		};
		37782AC470A75E363035B2E1 /* [CP] Embed Pods Frameworks */ = {
			isa = PBXShellScriptBuildPhase;
			buildActionMask = 2147483647;
			files = (
			);
			inputPaths = (
			);
			name = "[CP] Embed Pods Frameworks";
			outputPaths = (
			);
			runOnlyForDeploymentPostprocessing = 0;
			shellPath = /bin/sh;
			shellScript = "\"${SRCROOT}/Pods/Target Support Files/Pods-MobileComputingUITests/Pods-MobileComputingUITests-frameworks.sh\"\n";
			showEnvVarsInLog = 0;
		};
		3CF3B89E2053B67A378686CA /* [CP] Embed Pods Frameworks */ = {
			isa = PBXShellScriptBuildPhase;
			buildActionMask = 2147483647;
			files = (
			);
			inputPaths = (
			);
			name = "[CP] Embed Pods Frameworks";
			outputPaths = (
			);
			runOnlyForDeploymentPostprocessing = 0;
			shellPath = /bin/sh;
			shellScript = "\"${SRCROOT}/Pods/Target Support Files/Pods-MobileComputingTests/Pods-MobileComputingTests-frameworks.sh\"\n";
			showEnvVarsInLog = 0;
		};
		5ACE6BED2BE2D48AF9E59AB5 /* [CP] Check Pods Manifest.lock */ = {
			isa = PBXShellScriptBuildPhase;
			buildActionMask = 2147483647;
			files = (
			);
			inputPaths = (
			);
			name = "[CP] Check Pods Manifest.lock";
			outputPaths = (
			);
			runOnlyForDeploymentPostprocessing = 0;
			shellPath = /bin/sh;
			shellScript = "diff \"${PODS_ROOT}/../Podfile.lock\" \"${PODS_ROOT}/Manifest.lock\" > /dev/null\nif [ $? != 0 ] ; then\n    # print error to STDERR\n    echo \"error: The sandbox is not in sync with the Podfile.lock. Run 'pod install' or update your CocoaPods installation.\" >&2\n    exit 1\nfi\n";
			showEnvVarsInLog = 0;
		};
		9072E6762B36F87AEB5A7032 /* [CP] Check Pods Manifest.lock */ = {
			isa = PBXShellScriptBuildPhase;
			buildActionMask = 2147483647;
			files = (
			);
			inputPaths = (
			);
			name = "[CP] Check Pods Manifest.lock";
			outputPaths = (
			);
			runOnlyForDeploymentPostprocessing = 0;
			shellPath = /bin/sh;
			shellScript = "diff \"${PODS_ROOT}/../Podfile.lock\" \"${PODS_ROOT}/Manifest.lock\" > /dev/null\nif [ $? != 0 ] ; then\n    # print error to STDERR\n    echo \"error: The sandbox is not in sync with the Podfile.lock. Run 'pod install' or update your CocoaPods installation.\" >&2\n    exit 1\nfi\n";
			showEnvVarsInLog = 0;
		};
		94C6245BBFC8DC3FC34230FA /* [CP] Check Pods Manifest.lock */ = {
			isa = PBXShellScriptBuildPhase;
			buildActionMask = 2147483647;
			files = (
			);
			inputPaths = (
			);
			name = "[CP] Check Pods Manifest.lock";
			outputPaths = (
			);
			runOnlyForDeploymentPostprocessing = 0;
			shellPath = /bin/sh;
			shellScript = "diff \"${PODS_ROOT}/../Podfile.lock\" \"${PODS_ROOT}/Manifest.lock\" > /dev/null\nif [ $? != 0 ] ; then\n    # print error to STDERR\n    echo \"error: The sandbox is not in sync with the Podfile.lock. Run 'pod install' or update your CocoaPods installation.\" >&2\n    exit 1\nfi\n";
			showEnvVarsInLog = 0;
		};
		B383A9B2A852287F76562882 /* [CP] Copy Pods Resources */ = {
			isa = PBXShellScriptBuildPhase;
			buildActionMask = 2147483647;
			files = (
			);
			inputPaths = (
			);
			name = "[CP] Copy Pods Resources";
			outputPaths = (
			);
			runOnlyForDeploymentPostprocessing = 0;
			shellPath = /bin/sh;
			shellScript = "\"${SRCROOT}/Pods/Target Support Files/Pods-MobileComputingTests/Pods-MobileComputingTests-resources.sh\"\n";
			showEnvVarsInLog = 0;
		};
		B66C6D4849A71C2FB44DBEBF /* [CP] Copy Pods Resources */ = {
			isa = PBXShellScriptBuildPhase;
			buildActionMask = 2147483647;
			files = (
			);
			inputPaths = (
			);
			name = "[CP] Copy Pods Resources";
			outputPaths = (
			);
			runOnlyForDeploymentPostprocessing = 0;
			shellPath = /bin/sh;
			shellScript = "\"${SRCROOT}/Pods/Target Support Files/Pods-MobileComputing/Pods-MobileComputing-resources.sh\"\n";
			showEnvVarsInLog = 0;
		};
		C92AF02E21B25BF8B0BAED0B /* [CP] Copy Pods Resources */ = {
			isa = PBXShellScriptBuildPhase;
			buildActionMask = 2147483647;
			files = (
			);
			inputPaths = (
			);
			name = "[CP] Copy Pods Resources";
			outputPaths = (
			);
			runOnlyForDeploymentPostprocessing = 0;
			shellPath = /bin/sh;
			shellScript = "\"${SRCROOT}/Pods/Target Support Files/Pods-MobileComputingUITests/Pods-MobileComputingUITests-resources.sh\"\n";
			showEnvVarsInLog = 0;
		};
/* End PBXShellScriptBuildPhase section */

/* Begin PBXSourcesBuildPhase section */
		EBE971911E95BED800C22A10 /* Sources */ = {
			isa = PBXSourcesBuildPhase;
			buildActionMask = 2147483647;
			files = (
				EBE9719D1E95BED800C22A10 /* SecondViewController.swift in Sources */,
				EBFCC7E61EADA404009DDA2B /* UserCell.swift in Sources */,
				EBE971C91E95BF6100C22A10 /* MessagesController.swift in Sources */,
				EBFCC7DC1EAD03DD009DDA2B /* LoginController+handlers.swift in Sources */,
				EBE971991E95BED800C22A10 /* AppDelegate.swift in Sources */,
				EBD2697E1EA2C6F900F75FEC /* TabBarController.swift in Sources */,
				EBFCC7E11EAD59C1009DDA2B /* ChatLogController.swift in Sources */,
				EBFCC7DF1EAD30C9009DDA2B /* Extensions.swift in Sources */,
				EBD269831EA433AF00F75FEC /* User.swift in Sources */,
				EBD269801EA2D3B600F75FEC /* NewMessageController.swift in Sources */,
				EBFCC7E31EAD743A009DDA2B /* Message.swift in Sources */,
				EBE9719B1E95BED800C22A10 /* HomeController.swift in Sources */,
				EBE971CC1E95C6F100C22A10 /* LoginController.swift in Sources */,
			);
			runOnlyForDeploymentPostprocessing = 0;
		};
		EBE971A71E95BED800C22A10 /* Sources */ = {
			isa = PBXSourcesBuildPhase;
			buildActionMask = 2147483647;
			files = (
				EBE971B01E95BED800C22A10 /* MobileComputingTests.swift in Sources */,
			);
			runOnlyForDeploymentPostprocessing = 0;
		};
		EBE971B21E95BED800C22A10 /* Sources */ = {
			isa = PBXSourcesBuildPhase;
			buildActionMask = 2147483647;
			files = (
				EBE971BB1E95BED800C22A10 /* MobileComputingUITests.swift in Sources */,
			);
			runOnlyForDeploymentPostprocessing = 0;
		};
/* End PBXSourcesBuildPhase section */

/* Begin PBXTargetDependency section */
		EBE971AD1E95BED800C22A10 /* PBXTargetDependency */ = {
			isa = PBXTargetDependency;
			target = EBE971941E95BED800C22A10 /* MobileComputing */;
			targetProxy = EBE971AC1E95BED800C22A10 /* PBXContainerItemProxy */;
		};
		EBE971B81E95BED800C22A10 /* PBXTargetDependency */ = {
			isa = PBXTargetDependency;
			target = EBE971941E95BED800C22A10 /* MobileComputing */;
			targetProxy = EBE971B71E95BED800C22A10 /* PBXContainerItemProxy */;
		};
/* End PBXTargetDependency section */

/* Begin PBXVariantGroup section */
		EBE971A31E95BED800C22A10 /* LaunchScreen.storyboard */ = {
			isa = PBXVariantGroup;
			children = (
				EBE971A41E95BED800C22A10 /* Base */,
			);
			name = LaunchScreen.storyboard;
			sourceTree = "<group>";
		};
/* End PBXVariantGroup section */

/* Begin XCBuildConfiguration section */
		EBE971BD1E95BED800C22A10 /* Debug */ = {
			isa = XCBuildConfiguration;
			buildSettings = {
				ALWAYS_SEARCH_USER_PATHS = NO;
				CLANG_ANALYZER_NONNULL = YES;
				CLANG_ANALYZER_NUMBER_OBJECT_CONVERSION = YES_AGGRESSIVE;
				CLANG_CXX_LANGUAGE_STANDARD = "gnu++0x";
				CLANG_CXX_LIBRARY = "libc++";
				CLANG_ENABLE_MODULES = YES;
				CLANG_ENABLE_OBJC_ARC = YES;
				CLANG_WARN_BOOL_CONVERSION = YES;
				CLANG_WARN_CONSTANT_CONVERSION = YES;
				CLANG_WARN_DIRECT_OBJC_ISA_USAGE = YES_ERROR;
				CLANG_WARN_DOCUMENTATION_COMMENTS = YES;
				CLANG_WARN_EMPTY_BODY = YES;
				CLANG_WARN_ENUM_CONVERSION = YES;
				CLANG_WARN_INFINITE_RECURSION = YES;
				CLANG_WARN_INT_CONVERSION = YES;
				CLANG_WARN_OBJC_ROOT_CLASS = YES_ERROR;
				CLANG_WARN_SUSPICIOUS_MOVE = YES;
				CLANG_WARN_UNREACHABLE_CODE = YES;
				CLANG_WARN__DUPLICATE_METHOD_MATCH = YES;
				"CODE_SIGN_IDENTITY[sdk=iphoneos*]" = "iPhone Developer";
				COPY_PHASE_STRIP = NO;
				DEBUG_INFORMATION_FORMAT = dwarf;
				ENABLE_STRICT_OBJC_MSGSEND = YES;
				ENABLE_TESTABILITY = YES;
				GCC_C_LANGUAGE_STANDARD = gnu99;
				GCC_DYNAMIC_NO_PIC = NO;
				GCC_NO_COMMON_BLOCKS = YES;
				GCC_OPTIMIZATION_LEVEL = 0;
				GCC_PREPROCESSOR_DEFINITIONS = (
					"DEBUG=1",
					"$(inherited)",
				);
				GCC_WARN_64_TO_32_BIT_CONVERSION = YES;
				GCC_WARN_ABOUT_RETURN_TYPE = YES_ERROR;
				GCC_WARN_UNDECLARED_SELECTOR = YES;
				GCC_WARN_UNINITIALIZED_AUTOS = YES_AGGRESSIVE;
				GCC_WARN_UNUSED_FUNCTION = YES;
				GCC_WARN_UNUSED_VARIABLE = YES;
				IPHONEOS_DEPLOYMENT_TARGET = 10.3;
				MTL_ENABLE_DEBUG_INFO = YES;
				ONLY_ACTIVE_ARCH = YES;
				SDKROOT = iphoneos;
				SWIFT_ACTIVE_COMPILATION_CONDITIONS = DEBUG;
				SWIFT_OPTIMIZATION_LEVEL = "-Onone";
				TARGETED_DEVICE_FAMILY = "1,2";
			};
			name = Debug;
		};
		EBE971BE1E95BED800C22A10 /* Release */ = {
			isa = XCBuildConfiguration;
			buildSettings = {
				ALWAYS_SEARCH_USER_PATHS = NO;
				CLANG_ANALYZER_NONNULL = YES;
				CLANG_ANALYZER_NUMBER_OBJECT_CONVERSION = YES_AGGRESSIVE;
				CLANG_CXX_LANGUAGE_STANDARD = "gnu++0x";
				CLANG_CXX_LIBRARY = "libc++";
				CLANG_ENABLE_MODULES = YES;
				CLANG_ENABLE_OBJC_ARC = YES;
				CLANG_WARN_BOOL_CONVERSION = YES;
				CLANG_WARN_CONSTANT_CONVERSION = YES;
				CLANG_WARN_DIRECT_OBJC_ISA_USAGE = YES_ERROR;
				CLANG_WARN_DOCUMENTATION_COMMENTS = YES;
				CLANG_WARN_EMPTY_BODY = YES;
				CLANG_WARN_ENUM_CONVERSION = YES;
				CLANG_WARN_INFINITE_RECURSION = YES;
				CLANG_WARN_INT_CONVERSION = YES;
				CLANG_WARN_OBJC_ROOT_CLASS = YES_ERROR;
				CLANG_WARN_SUSPICIOUS_MOVE = YES;
				CLANG_WARN_UNREACHABLE_CODE = YES;
				CLANG_WARN__DUPLICATE_METHOD_MATCH = YES;
				"CODE_SIGN_IDENTITY[sdk=iphoneos*]" = "iPhone Developer";
				COPY_PHASE_STRIP = NO;
				DEBUG_INFORMATION_FORMAT = "dwarf-with-dsym";
				ENABLE_NS_ASSERTIONS = NO;
				ENABLE_STRICT_OBJC_MSGSEND = YES;
				GCC_C_LANGUAGE_STANDARD = gnu99;
				GCC_NO_COMMON_BLOCKS = YES;
				GCC_WARN_64_TO_32_BIT_CONVERSION = YES;
				GCC_WARN_ABOUT_RETURN_TYPE = YES_ERROR;
				GCC_WARN_UNDECLARED_SELECTOR = YES;
				GCC_WARN_UNINITIALIZED_AUTOS = YES_AGGRESSIVE;
				GCC_WARN_UNUSED_FUNCTION = YES;
				GCC_WARN_UNUSED_VARIABLE = YES;
				IPHONEOS_DEPLOYMENT_TARGET = 10.3;
				MTL_ENABLE_DEBUG_INFO = NO;
				SDKROOT = iphoneos;
				SWIFT_OPTIMIZATION_LEVEL = "-Owholemodule";
				TARGETED_DEVICE_FAMILY = "1,2";
				VALIDATE_PRODUCT = YES;
			};
			name = Release;
		};
		EBE971C01E95BED800C22A10 /* Debug */ = {
			isa = XCBuildConfiguration;
			baseConfigurationReference = E602D836152750228D192F59 /* Pods-MobileComputing.debug.xcconfig */;
			buildSettings = {
				ASSETCATALOG_COMPILER_APPICON_NAME = AppIcon;
				INFOPLIST_FILE = MobileComputing/Info.plist;
				LD_RUNPATH_SEARCH_PATHS = "$(inherited) @executable_path/Frameworks";
				PRODUCT_BUNDLE_IDENTIFIER = Wigs.MobileComputing;
				PRODUCT_NAME = "$(TARGET_NAME)";
				SWIFT_VERSION = 3.0;
			};
			name = Debug;
		};
		EBE971C11E95BED800C22A10 /* Release */ = {
			isa = XCBuildConfiguration;
			baseConfigurationReference = E232983D64C458364C66F86C /* Pods-MobileComputing.release.xcconfig */;
			buildSettings = {
				ASSETCATALOG_COMPILER_APPICON_NAME = AppIcon;
				INFOPLIST_FILE = MobileComputing/Info.plist;
				LD_RUNPATH_SEARCH_PATHS = "$(inherited) @executable_path/Frameworks";
				PRODUCT_BUNDLE_IDENTIFIER = Wigs.MobileComputing;
				PRODUCT_NAME = "$(TARGET_NAME)";
				SWIFT_VERSION = 3.0;
			};
			name = Release;
		};
		EBE971C31E95BED800C22A10 /* Debug */ = {
			isa = XCBuildConfiguration;
			baseConfigurationReference = BC768B7CA4F39A36737B4168 /* Pods-MobileComputingTests.debug.xcconfig */;
			buildSettings = {
				ALWAYS_EMBED_SWIFT_STANDARD_LIBRARIES = YES;
				BUNDLE_LOADER = "$(TEST_HOST)";
				INFOPLIST_FILE = MobileComputingTests/Info.plist;
				LD_RUNPATH_SEARCH_PATHS = "$(inherited) @executable_path/Frameworks @loader_path/Frameworks";
				PRODUCT_BUNDLE_IDENTIFIER = Wigs.MobileComputingTests;
				PRODUCT_NAME = "$(TARGET_NAME)";
				SWIFT_VERSION = 3.0;
				TEST_HOST = "$(BUILT_PRODUCTS_DIR)/MobileComputing.app/MobileComputing";
			};
			name = Debug;
		};
		EBE971C41E95BED800C22A10 /* Release */ = {
			isa = XCBuildConfiguration;
			baseConfigurationReference = E84D483DB08D1456E275B0DF /* Pods-MobileComputingTests.release.xcconfig */;
			buildSettings = {
				ALWAYS_EMBED_SWIFT_STANDARD_LIBRARIES = YES;
				BUNDLE_LOADER = "$(TEST_HOST)";
				INFOPLIST_FILE = MobileComputingTests/Info.plist;
				LD_RUNPATH_SEARCH_PATHS = "$(inherited) @executable_path/Frameworks @loader_path/Frameworks";
				PRODUCT_BUNDLE_IDENTIFIER = Wigs.MobileComputingTests;
				PRODUCT_NAME = "$(TARGET_NAME)";
				SWIFT_VERSION = 3.0;
				TEST_HOST = "$(BUILT_PRODUCTS_DIR)/MobileComputing.app/MobileComputing";
			};
			name = Release;
		};
		EBE971C61E95BED800C22A10 /* Debug */ = {
			isa = XCBuildConfiguration;
			baseConfigurationReference = D4AFB6ADF6C2F2C8B74925CD /* Pods-MobileComputingUITests.debug.xcconfig */;
			buildSettings = {
				ALWAYS_EMBED_SWIFT_STANDARD_LIBRARIES = YES;
				INFOPLIST_FILE = MobileComputingUITests/Info.plist;
				LD_RUNPATH_SEARCH_PATHS = "$(inherited) @executable_path/Frameworks @loader_path/Frameworks";
				PRODUCT_BUNDLE_IDENTIFIER = Wigs.MobileComputingUITests;
				PRODUCT_NAME = "$(TARGET_NAME)";
				SWIFT_VERSION = 3.0;
				TEST_TARGET_NAME = MobileComputing;
			};
			name = Debug;
		};
		EBE971C71E95BED800C22A10 /* Release */ = {
			isa = XCBuildConfiguration;
			baseConfigurationReference = 435BCE668E3839EB1473B598 /* Pods-MobileComputingUITests.release.xcconfig */;
			buildSettings = {
				ALWAYS_EMBED_SWIFT_STANDARD_LIBRARIES = YES;
				INFOPLIST_FILE = MobileComputingUITests/Info.plist;
				LD_RUNPATH_SEARCH_PATHS = "$(inherited) @executable_path/Frameworks @loader_path/Frameworks";
				PRODUCT_BUNDLE_IDENTIFIER = Wigs.MobileComputingUITests;
				PRODUCT_NAME = "$(TARGET_NAME)";
				SWIFT_VERSION = 3.0;
				TEST_TARGET_NAME = MobileComputing;
			};
			name = Release;
		};
/* End XCBuildConfiguration section */

/* Begin XCConfigurationList section */
		EBE971901E95BED800C22A10 /* Build configuration list for PBXProject "MobileComputing" */ = {
			isa = XCConfigurationList;
			buildConfigurations = (
				EBE971BD1E95BED800C22A10 /* Debug */,
				EBE971BE1E95BED800C22A10 /* Release */,
			);
			defaultConfigurationIsVisible = 0;
			defaultConfigurationName = Release;
		};
		EBE971BF1E95BED800C22A10 /* Build configuration list for PBXNativeTarget "MobileComputing" */ = {
			isa = XCConfigurationList;
			buildConfigurations = (
				EBE971C01E95BED800C22A10 /* Debug */,
				EBE971C11E95BED800C22A10 /* Release */,
			);
			defaultConfigurationIsVisible = 0;
			defaultConfigurationName = Release;
		};
		EBE971C21E95BED800C22A10 /* Build configuration list for PBXNativeTarget "MobileComputingTests" */ = {
			isa = XCConfigurationList;
			buildConfigurations = (
				EBE971C31E95BED800C22A10 /* Debug */,
				EBE971C41E95BED800C22A10 /* Release */,
			);
			defaultConfigurationIsVisible = 0;
			defaultConfigurationName = Release;
		};
		EBE971C51E95BED800C22A10 /* Build configuration list for PBXNativeTarget "MobileComputingUITests" */ = {
			isa = XCConfigurationList;
			buildConfigurations = (
				EBE971C61E95BED800C22A10 /* Debug */,
				EBE971C71E95BED800C22A10 /* Release */,
			);
			defaultConfigurationIsVisible = 0;
			defaultConfigurationName = Release;
		};
/* End XCConfigurationList section */
	};
	rootObject = EBE9718D1E95BED800C22A10 /* Project object */;
}
